
Microsoft Visual Studio Solution File, Format Version 12.00
# Visual Studio 15
VisualStudioVersion = 15.0.27428.2037
MinimumVisualStudioVersion = 10.0.40219.1
Project("{FAE04EC0-301F-11D3-BF4B-00C04F79EFBC}") = "Home", "Home\Home.csproj", "{2B2EFD8D-D935-45F2-BB21-6848926083DE}"
EndProject
Project("{54435603-DBB4-11D2-8724-00A0C9A8B90C}") = "AppSetup", "AppSetup\AppSetup.vdproj", "{5019BC36-44E3-4B22-A9BE-5C2619EA53DF}"
EndProject
Global
	GlobalSection(SolutionConfigurationPlatforms) = preSolution
		Debug|Any CPU = Debug|Any CPU
		Release|Any CPU = Release|Any CPU
	EndGlobalSection
	GlobalSection(ProjectConfigurationPlatforms) = postSolution
		{2B2EFD8D-D935-45F2-BB21-6848926083DE}.Debug|Any CPU.ActiveCfg = Debug|Any CPU
		{2B2EFD8D-D935-45F2-BB21-6848926083DE}.Debug|Any CPU.Build.0 = Debug|Any CPU
		{2B2EFD8D-D935-45F2-BB21-6848926083DE}.Release|Any CPU.ActiveCfg = Release|Any CPU
		{2B2EFD8D-D935-45F2-BB21-6848926083DE}.Release|Any CPU.Build.0 = Release|Any CPU
		{5019BC36-44E3-4B22-A9BE-5C2619EA53DF}.Debug|Any CPU.ActiveCfg = Debug
		{5019BC36-44E3-4B22-A9BE-5C2619EA53DF}.Release|Any CPU.ActiveCfg = Release
	EndGlobalSection
	GlobalSection(SolutionProperties) = preSolution
		HideSolutionNode = FALSE
	EndGlobalSection
	GlobalSection(ExtensibilityGlobals) = postSolution
		SolutionGuid = {A806C574-9FE1-49F5-9B8A-E378C480B318}
	EndGlobalSection
EndGlobal
